<?xml version="1.0" encoding="utf-8"?>
<Solution>
  <Folder Name="/src/">
    <Project Path="src/Robotico.Specification/Robotico.Specification.csproj" />
  </Folder>
  <Folder Name="/tests/">
    <Project Path="tests/Robotico.Specification.Tests/Robotico.Specification.Tests.csproj" />
  </Folder>
  <Folder Name="/benchmarks/">
    <Project Path="benchmarks/Robotico.Specification.Benchmarks/Robotico.Specification.Benchmarks.csproj" />
  </Folder>
</Solution>
